
Microsoft Visual Studio Solution File, Format Version 12.00
# Visual Studio Version 17
VisualStudioVersion = 17.7.34018.315
MinimumVisualStudioVersion = 10.0.40219.1
Project("{6EC3EE1D-3C4E-46DD-8F32-0CC8E7565705}") = "ModestGpt", "ModestGpt\ModestGpt.fsproj", "{32F39338-667F-43AF-8F94-CF0B3F40A132}"
EndProject
Project("{6EC3EE1D-3C4E-46DD-8F32-0CC8E7565705}") = "TokenGpt", "Apps\TokenGpt\TokenGpt.fsproj", "{2D8D1EDB-ED71-4261-BF51-9FF66145A3DF}"
EndProject
Project("{6EC3EE1D-3C4E-46DD-8F32-0CC8E7565705}") = "Sort", "Apps\Sort\Sort.fsproj", "{97F23A59-C715-43A3-BDF4-6C8567093FA1}"
EndProject
Project("{6EC3EE1D-3C4E-46DD-8F32-0CC8E7565705}") = "CharGpt", "Apps\CharGpt\CharGpt.fsproj", "{02F34041-B776-452D-81C0-866644A7D856}"
EndProject
Project("{6EC3EE1D-3C4E-46DD-8F32-0CC8E7565705}") = "Interact", "Apps\Interact\Interact.fsproj", "{E4AC8FF3-25C7-4BAE-AE92-DA630FB28AE1}"
EndProject
Project("{2150E333-8FDC-42A3-9474-1A3956D46DE8}") = "Solution Items", "Solution Items", "{24D708FA-04AA-4A2F-B789-A81D584C6B86}"
	ProjectSection(SolutionItems) = preProject
		Readme.md = Readme.md
	EndProjectSection
EndProject
Global
	GlobalSection(SolutionConfigurationPlatforms) = preSolution
		Debug|x64 = Debug|x64
		Release|x64 = Release|x64
	EndGlobalSection
	GlobalSection(ProjectConfigurationPlatforms) = postSolution
		{32F39338-667F-43AF-8F94-CF0B3F40A132}.Debug|x64.ActiveCfg = Debug|x64
		{32F39338-667F-43AF-8F94-CF0B3F40A132}.Debug|x64.Build.0 = Debug|x64
		{32F39338-667F-43AF-8F94-CF0B3F40A132}.Release|x64.ActiveCfg = Release|x64
		{32F39338-667F-43AF-8F94-CF0B3F40A132}.Release|x64.Build.0 = Release|x64
		{2D8D1EDB-ED71-4261-BF51-9FF66145A3DF}.Debug|x64.ActiveCfg = Debug|x64
		{2D8D1EDB-ED71-4261-BF51-9FF66145A3DF}.Debug|x64.Build.0 = Debug|x64
		{2D8D1EDB-ED71-4261-BF51-9FF66145A3DF}.Release|x64.ActiveCfg = Release|x64
		{2D8D1EDB-ED71-4261-BF51-9FF66145A3DF}.Release|x64.Build.0 = Release|x64
		{97F23A59-C715-43A3-BDF4-6C8567093FA1}.Debug|x64.ActiveCfg = Debug|x64
		{97F23A59-C715-43A3-BDF4-6C8567093FA1}.Debug|x64.Build.0 = Debug|x64
		{97F23A59-C715-43A3-BDF4-6C8567093FA1}.Release|x64.ActiveCfg = Release|x64
		{97F23A59-C715-43A3-BDF4-6C8567093FA1}.Release|x64.Build.0 = Release|x64
		{02F34041-B776-452D-81C0-866644A7D856}.Debug|x64.ActiveCfg = Debug|x64
		{02F34041-B776-452D-81C0-866644A7D856}.Debug|x64.Build.0 = Debug|x64
		{02F34041-B776-452D-81C0-866644A7D856}.Release|x64.ActiveCfg = Release|x64
		{02F34041-B776-452D-81C0-866644A7D856}.Release|x64.Build.0 = Release|x64
		{E4AC8FF3-25C7-4BAE-AE92-DA630FB28AE1}.Debug|x64.ActiveCfg = Debug|x64
		{E4AC8FF3-25C7-4BAE-AE92-DA630FB28AE1}.Debug|x64.Build.0 = Debug|x64
		{E4AC8FF3-25C7-4BAE-AE92-DA630FB28AE1}.Release|x64.ActiveCfg = Release|x64
		{E4AC8FF3-25C7-4BAE-AE92-DA630FB28AE1}.Release|x64.Build.0 = Release|x64
	EndGlobalSection
	GlobalSection(SolutionProperties) = preSolution
		HideSolutionNode = FALSE
	EndGlobalSection
	GlobalSection(ExtensibilityGlobals) = postSolution
		SolutionGuid = {7C52504E-71DF-4073-965B-6927651102E9}
	EndGlobalSection
EndGlobal
